
Microsoft Visual Studio Solution File, Format Version 11.00
# Visual Studio 2010
Project("{FAE04EC0-301F-11D3-BF4B-00C04F79EFBC}") = "BKB", "Assembly-CSharp.csproj", "{39E7E813-0449-951E-1338-A0A9FD8BCDE0}"
EndProject
Project("{FAE04EC0-301F-11D3-BF4B-00C04F79EFBC}") = "BKB", "Assembly-CSharp-Editor.csproj", "{960B0E37-0567-448F-ED35-4F3CE37D817B}"
EndProject
Global
	GlobalSection(SolutionConfigurationPlatforms) = preSolution
		Debug|Any CPU = Debug|Any CPU
		Release|Any CPU = Release|Any CPU
	EndGlobalSection
	GlobalSection(ProjectConfigurationPlatforms) = postSolution
		{39E7E813-0449-951E-1338-A0A9FD8BCDE0}.Debug|Any CPU.ActiveCfg = Debug|Any CPU
		{39E7E813-0449-951E-1338-A0A9FD8BCDE0}.Debug|Any CPU.Build.0 = Debug|Any CPU
		{39E7E813-0449-951E-1338-A0A9FD8BCDE0}.Release|Any CPU.ActiveCfg = Release|Any CPU
		{39E7E813-0449-951E-1338-A0A9FD8BCDE0}.Release|Any CPU.Build.0 = Release|Any CPU
		{960B0E37-0567-448F-ED35-4F3CE37D817B}.Debug|Any CPU.ActiveCfg = Debug|Any CPU
		{960B0E37-0567-448F-ED35-4F3CE37D817B}.Debug|Any CPU.Build.0 = Debug|Any CPU
		{960B0E37-0567-448F-ED35-4F3CE37D817B}.Release|Any CPU.ActiveCfg = Release|Any CPU
		{960B0E37-0567-448F-ED35-4F3CE37D817B}.Release|Any CPU.Build.0 = Release|Any CPU
	EndGlobalSection
	GlobalSection(SolutionProperties) = preSolution
		HideSolutionNode = FALSE
	EndGlobalSection
	GlobalSection(MonoDevelopProperties) = preSolution
		StartupItem = Assembly-CSharp.csproj
	EndGlobalSection
EndGlobal
